
Microsoft Visual Studio Solution File, Format Version 12.00
# Visual Studio Version 17
VisualStudioVersion = 17.4.33213.308
MinimumVisualStudioVersion = 10.0.40219.1
Project("{2150E333-8FDC-42A3-9474-1A3956D46DE8}") = "Extenciones", "Extenciones", "{05B5F16E-A58C-4F68-9883-9425B8AE85C7}"
EndProject
Project("{2150E333-8FDC-42A3-9474-1A3956D46DE8}") = "Pruebas", "Pruebas", "{174F840B-A258-4BDE-9216-CD312BC8D9B2}"
EndProject
Project("{2150E333-8FDC-42A3-9474-1A3956D46DE8}") = "JavaScripts", "JavaScripts", "{969A2C32-7EFD-4622-9451-331E183AE1A4}"
EndProject
Project("{FAE04EC0-301F-11D3-BF4B-00C04F79EFBC}") = "JavaScripts", "JavaScripts\JavaScripts.csproj", "{AD960265-3DA6-46DF-ADED-99055F77C058}"
EndProject
Project("{FAE04EC0-301F-11D3-BF4B-00C04F79EFBC}") = "PruebasATMVentas", "PruebasATMVentas\PruebasATMVentas.csproj", "{A8BCC5E1-0E5E-46F2-BB5B-1EFE3D3DB9A0}"
EndProject
Project("{FAE04EC0-301F-11D3-BF4B-00C04F79EFBC}") = "VENTAS.PL.Direccion.EstablecerDireccionPrincipal", "VENTAS.PL.Direccion.EstablecerDireccionPrincipal\VENTAS.PL.Direccion.EstablecerDireccionPrincipal.csproj", "{3FBCC25F-C3A4-4865-8875-F2BEEC823AAB}"
EndProject
Project("{FAE04EC0-301F-11D3-BF4B-00C04F79EFBC}") = "VENTAS.PL.Lead.CalificarLead", "VENTAS.PL.Lead.CalificarLead\VENTAS.PL.Lead.CalificarLead.csproj", "{0C6E59D4-37B4-4FD6-8C29-8541F228058D}"
EndProject
Project("{FAE04EC0-301F-11D3-BF4B-00C04F79EFBC}") = "VENTAS.PL.MensajeWhatsApp.ValidarRegistros", "VENTAS.PL.MensjeWhatsApp.ValidarRegistros\VENTAS.PL.MensajeWhatsApp.ValidarRegistros.csproj", "{1090C5AB-C6A2-40CD-9BE1-0D574F110BFD}"
EndProject
Project("{FAE04EC0-301F-11D3-BF4B-00C04F79EFBC}") = "VENTAS.PL.Lead.Cuenta.EliminarDirecciones", "VENTAS.PL.Lead.Cuenta.EliminarDirecciones\VENTAS.PL.Lead.Cuenta.EliminarDirecciones.csproj", "{1D04F65C-085F-4640-98A9-E59A45FC3FC4}"
EndProject
Project("{FAE04EC0-301F-11D3-BF4B-00C04F79EFBC}") = "VENTAS.PL.Actividad.CerrarActividad", "VENTAS.PL.Actividad.CerrarActividad\VENTAS.PL.Actividad.CerrarActividad.csproj", "{F58E8993-E0F9-4D2C-A13D-C7F7043252C9}"
EndProject
Project("{FAE04EC0-301F-11D3-BF4B-00C04F79EFBC}") = "VENTAS.PL.Vehiculo.CalcularNumeroVehiculos", "VENTAS.PL.Vehiculo.CalcularNumeroVehiculos\VENTAS.PL.Vehiculo.CalcularNumeroVehiculos.csproj", "{31EE0075-C273-410D-A468-C490AFAF9979}"
EndProject
Project("{FAE04EC0-301F-11D3-BF4B-00C04F79EFBC}") = "VENTAS.CA.SolicitudCredito.AgregarDocumentacionCredito", "VENTAS.CA.SolicitudCredito.AgregarDocumentacionCredito\VENTAS.CA.SolicitudCredito.AgregarDocumentacionCredito.csproj", "{30B5CFD9-05A7-4D87-8365-5FA56097F77B}"
EndProject
Project("{FAE04EC0-301F-11D3-BF4B-00C04F79EFBC}") = "VENTAS.PL.PVSC.ValidarEstadoProceso", "VENTAS.PL.PVSC.ValidarEstadoProceso\VENTAS.PL.PVSC.ValidarEstadoProceso.csproj", "{95F700F5-ABDB-4E28-A9BB-83433E95A00D}"
EndProject
Project("{FAE04EC0-301F-11D3-BF4B-00C04F79EFBC}") = "VENTAS.PL.PVL.ValidarEstadoProceso", "VENTAS.PL.PVL.ValidarEstadoProceso\VENTAS.PL.PVL.ValidarEstadoProceso.csproj", "{809D613B-0A2A-4CC8-B4C0-5A2D531E483C}"
EndProject
Project("{FAE04EC0-301F-11D3-BF4B-00C04F79EFBC}") = "VENTAS.PL.SolicitudCredito.RevisarSolicitudesActivas", "VENTAS.PL.SolicitudCredito.RevisarSolicitudesActivas\VENTAS.PL.SolicitudCredito.RevisarSolicitudesActivas.csproj", "{18D221D4-C971-48CF-8777-A1ABFFB1A318}"
EndProject
Project("{FAE04EC0-301F-11D3-BF4B-00C04F79EFBC}") = "VENTAS.PL.Factura.CalculoConversion", "VENTAS.PL.Factura.CalculoConversion\VENTAS.PL.Factura.CalculoConversion.csproj", "{378E1CAA-7DC1-4F58-A0EE-1BDB5F3DCC84}"
EndProject
Project("{FAE04EC0-301F-11D3-BF4B-00C04F79EFBC}") = "VENTAS.PL.Actividad.NotificacionAsignacion", "VENTAS.PL.Actividad.NotificacionAsignacion\VENTAS.PL.Actividad.NotificacionAsignacion.csproj", "{B27DAA3B-F13A-4542-9C9B-ECCC004A5D40}"
EndProject
Project("{FAE04EC0-301F-11D3-BF4B-00C04F79EFBC}") = "VENTAS.PL.Recoleccion.NotificacionFinalizacion", "VENTAS.PL.Recoleccion.NotificacionFinalizacion\VENTAS.PL.Recoleccion.NotificacionFinalizacion.csproj", "{94323A65-23C0-46C6-9A75-3B521335693E}"
EndProject
Project("{FAE04EC0-301F-11D3-BF4B-00C04F79EFBC}") = "VENTAS.PL.Cuenta.CompartirRegistros", "VENTAS.PL.Cuenta.CompartirRegistros\VENTAS.PL.Cuenta.CompartirRegistros.csproj", "{3D305B40-41D0-49AA-8741-23AA2E2F2525}"
EndProject
Project("{FAE04EC0-301F-11D3-BF4B-00C04F79EFBC}") = "VENTAS.PL.Recoleccion.AsignarActividad", "VENTAS.PL.Recoleccion.AsignarActividad\VENTAS.PL.Recoleccion.AsignarActividad.csproj", "{117D3778-37D2-4119-9163-BDD52DBBD493}"
EndProject
Project("{2150E333-8FDC-42A3-9474-1A3956D46DE8}") = "API", "API", "{9E7579BD-BDE1-4D8A-8938-263ECD5EAE0F}"
EndProject
Project("{FAE04EC0-301F-11D3-BF4B-00C04F79EFBC}") = "ATM.API.MWA", "ATM.API.LogMensajesWhatsApp\ATM.API.MWA.csproj", "{F0D1285A-121C-472F-8784-CFCE01107DFB}"
EndProject
Project("{FAE04EC0-301F-11D3-BF4B-00C04F79EFBC}") = "ATM.API.MWA.Data", "ATM.API.LogMensajesWhatsApp.Data\ATM.API.MWA.Data.csproj", "{04D89AF8-FFE8-4C8A-BB70-E56641497825}"
EndProject
Project("{FAE04EC0-301F-11D3-BF4B-00C04F79EFBC}") = "ATM.API.MWA.Helpers", "ATM.API.LogMensajesWhatsApp.Helpers\ATM.API.MWA.Helpers.csproj", "{2E6A28F1-4B7C-40D3-A795-D6665BB3AE7C}"
EndProject
Project("{FAE04EC0-301F-11D3-BF4B-00C04F79EFBC}") = "ATM.API.MWA.Services", "ATM.API.LogMensajesWhatsApp.Services\ATM.API.MWA.Services.csproj", "{D85E0279-F442-4699-903F-9C90CF9FC84B}"
EndProject
Project("{FAE04EC0-301F-11D3-BF4B-00C04F79EFBC}") = "VENTAS.PL.Recoleccion.CambioProgramacion", "VENTAS.PL.Recoleccion.CambioProgramacion\VENTAS.PL.Recoleccion.CambioProgramacion.csproj", "{7DCAB52C-E7E2-4D8D-88DC-5EF477852B0C}"
EndProject
Project("{FAE04EC0-301F-11D3-BF4B-00C04F79EFBC}") = "VENTAS.PL.Cuenta.CrearContactoPersonaNatural", "VENTAS.PL.Cuentas.CrearContactoPersonaNatural\VENTAS.PL.Cuenta.CrearContactoPersonaNatural.csproj", "{9CF38FCA-98CE-4282-9C34-2C3913804909}"
EndProject
Project("{FAE04EC0-301F-11D3-BF4B-00C04F79EFBC}") = "VENTAS.PL.Factura.CalculoImporteAjustado", "VENTAS.PL.Factura.CalculoImporteAjustado\VENTAS.PL.Factura.CalculoImporteAjustado.csproj", "{F08BC5BC-DBC7-478D-BFAC-F99013A98855}"
EndProject
Project("{FAE04EC0-301F-11D3-BF4B-00C04F79EFBC}") = "VENTAS.PL.Factura.ClientesPrimeraFacturacion", "VENTAS.PL.Factura.ClientesPrimeraFacturacion\VENTAS.PL.Factura.ClientesPrimeraFacturacion.csproj", "{B3CA38F5-3855-457F-A838-31B9EEF54E2E}"
EndProject
Project("{FAE04EC0-301F-11D3-BF4B-00C04F79EFBC}") = "VENTAS.PL.Factura.NotificacionTipoLocalizacion", "VENTAS.PL.Factura.EnviarCorreoLocalizacionTipoCDS\VENTAS.PL.Factura.NotificacionTipoLocalizacion.csproj", "{12AA1E29-D6D5-46D1-A9B9-0CFFED31F9A1}"
EndProject
Project("{FAE04EC0-301F-11D3-BF4B-00C04F79EFBC}") = "VENTAS.PL.Equipo.AgregarOEliminarUsuarioDeUnEquipo", "VENTAS.PL.Equipo.AgregarOEliminarUsuarioDeUnEquipo\VENTAS.PL.Equipo.AgregarOEliminarUsuarioDeUnEquipo.csproj", "{A6CA329F-D97F-44E8-B4B2-3F8805C2D623}"
EndProject
Project("{FAE04EC0-301F-11D3-BF4B-00C04F79EFBC}") = "VENTAS.CA.Cuenta.AsignarRegistros", "VENTAS.CA.Cuenta.AsignarRegistros\VENTAS.CA.Cuenta.AsignarRegistros.csproj", "{B631B762-3DD0-4E68-B11F-EA3D92D31602}"
EndProject
Project("{FAE04EC0-301F-11D3-BF4B-00C04F79EFBC}") = "VENTAS.CA.Auditoria.EliminarRegistros", "VENTAS.CA.Aduditoria.EliminarRegistros\VENTAS.CA.Auditoria.EliminarRegistros.csproj", "{5860522F-F40D-4EB8-A584-434796324342}"
EndProject
Project("{FAE04EC0-301F-11D3-BF4B-00C04F79EFBC}") = "VENTAS.CA.RespuestaEncuesta.CrearActividad", "VENTAS.CA.RespuestaEncuesta.CrearActividad\VENTAS.CA.RespuestaEncuesta.CrearActividad.csproj", "{93587E19-C6D6-45F2-8456-CEA170B34052}"
EndProject
Project("{FAE04EC0-301F-11D3-BF4B-00C04F79EFBC}") = "VENTAS.CA.Cuenta.CompartirRegistros", "VENTAS.CA.Cuenta.CompartirRegistros\VENTAS.CA.Cuenta.CompartirRegistros.csproj", "{18F3FB5B-7460-4D94-AB33-DF5AEC853D70}"
EndProject
Project("{9A19103F-16F7-4668-BE54-9A1E7A4F7556}") = "VENTAS.AF.Automundial", "VENTAS.AF.Auntomundial\VENTAS.AF.Automundial.csproj", "{B220C9A9-DD62-4167-9C67-BA5DE4A0F64E}"
EndProject
Project("{FAE04EC0-301F-11D3-BF4B-00C04F79EFBC}") = "VENTAS.CA.Objetivos.RecalcularDatosReales", "VENTAS.CA.Objetivos.RecalcularDatosReales\VENTAS.CA.Objetivos.RecalcularDatosReales.csproj", "{4CD61D15-2C52-44FE-BB1D-2B623C233E1B}"
EndProject
Project("{FAE04EC0-301F-11D3-BF4B-00C04F79EFBC}") = "VENTAS.CA.Objetivos.CrearObjetivos", "VENTAS.CA.Objetivos.CrearObjetivos\VENTAS.CA.Objetivos.CrearObjetivos.csproj", "{3086F662-DC22-48E8-AA39-1BCDD271C782}"
EndProject
Project("{FAE04EC0-301F-11D3-BF4B-00C04F79EFBC}") = "VENTAS.CA.InvitacionEncuestaCustomerVoice.EnviarCorreo", "VENTAS.CA.InvitacionEncuestaCustomerVoice.EnviarCorreo\VENTAS.CA.InvitacionEncuestaCustomerVoice.EnviarCorreo.csproj", "{FD59B7F3-C719-44F0-956C-EA218647F51F}"
EndProject
Project("{FAE04EC0-301F-11D3-BF4B-00C04F79EFBC}") = "ATM.Utilidades", "ATM.Utilidades\ATM.Utilidades.csproj", "{957BE4F6-CD67-4722-A770-60224C6120DD}"
EndProject
Project("{FAE04EC0-301F-11D3-BF4B-00C04F79EFBC}") = "VENTAS.PL.Cuenta.CompartirCSI", "VENTAS.PL.Cuenta.CompartirCSI\VENTAS.PL.Cuenta.CompartirCSI.csproj", "{4FD2CCBE-1FB0-46EA-8490-81E8966221E3}"
EndProject
Project("{FAE04EC0-301F-11D3-BF4B-00C04F79EFBC}") = "PruebasATMVentasV1", "PruebasdATMV1\PruebasATMVentasV1.csproj", "{35DB5271-34D4-4003-9AAA-79C2CBD9FA09}"
EndProject
Project("{FAE04EC0-301F-11D3-BF4B-00C04F79EFBC}") = "VENTAS.CA.Actividad.RegistroEnvioMensajeWhatsApp", "VENTAS.CA.Actividad.RegistroEnvioMensajeWhatsApp\VENTAS.CA.Actividad.RegistroEnvioMensajeWhatsApp.csproj", "{89DFEF99-5CB2-41F7-BC04-E92BCED571E4}"
EndProject
Project("{FAE04EC0-301F-11D3-BF4B-00C04F79EFBC}") = "VENTAS.PL.ListaPrecios.ValidarDivisa", "VENTAS.PL.ListaPrecios.ValidarDivisa\VENTAS.PL.ListaPrecios.ValidarDivisa.csproj", "{05951298-74D1-4713-AF03-344507F3934E}"
EndProject
Project("{FAE04EC0-301F-11D3-BF4B-00C04F79EFBC}") = "VENTAS.PL.Actividad.ValidarCierreRecoleciones", "VENTAS.Actividad.ValidarCierreRecoleciones\VENTAS.PL.Actividad.ValidarCierreRecoleciones.csproj", "{9E907D97-87A3-49F0-9CBB-4647556665B1}"
EndProject
Project("{FAE04EC0-301F-11D3-BF4B-00C04F79EFBC}") = "VENTAS.CA.Recoleccion.ActualizacionOffline", "VENTAS.CA.Recoleccion.ActualizacionOffline\VENTAS.CA.Recoleccion.ActualizacionOffline.csproj", "{8ECF2D7E-1ED6-48F7-84CD-3262575BA669}"
EndProject
Project("{FAE04EC0-301F-11D3-BF4B-00C04F79EFBC}") = "VENTAS.CA.RespuestaCampania.EnviarCorreo", "VENTAS.CA.RespuestaCampania.EnviarCorreo\VENTAS.CA.RespuestaCampania.EnviarCorreo.csproj", "{39764F27-A4D8-48D3-A93C-9B92E4207EEB}"
EndProject
Project("{2150E333-8FDC-42A3-9474-1A3956D46DE8}") = "AzureFunctions", "AzureFunctions", "{F52FDB28-4BB0-49B9-A6CD-6F7720631175}"
EndProject
Project("{FAE04EC0-301F-11D3-BF4B-00C04F79EFBC}") = "VENTAS.PL.PlanAccion.Cerrar", "VENTAS.PL.PlanAccion.Cerrar\VENTAS.PL.PlanAccion.Cerrar.csproj", "{2BD3FCBB-4D75-491D-9836-E9CB49176E1D}"
EndProject
Project("{FAE04EC0-301F-11D3-BF4B-00C04F79EFBC}") = "VENTAS.CA.RespuestaEncuesta.CalcularValores", "VENTAS.CA.RespuestaEncuesta.CalcularValores\VENTAS.CA.RespuestaEncuesta.CalcularValores.csproj", "{6AD8F726-F2BF-464C-BDD0-07BBC09AC386}"
EndProject
Project("{FAE04EC0-301F-11D3-BF4B-00C04F79EFBC}") = "VENTAS.PL.ReglaDescuento.CargaInicial", "VENTAS.PL.ReglaDescuento.CargaInicial\VENTAS.PL.ReglaDescuento.CargaInicial.csproj", "{2805C0DB-996F-43B0-845C-BB76DAD26D78}"
EndProject
Project("{FAE04EC0-301F-11D3-BF4B-00C04F79EFBC}") = "VENTAS.PL.ReglaDescuento.ValidarCreacion", "VENTAS.PL.ReglaDescuento.ValidarCreacion\VENTAS.PL.ReglaDescuento.ValidarCreacion.csproj", "{34EDB6AF-3E05-4681-A50E-1EDEF7A811C2}"
EndProject
Project("{FAE04EC0-301F-11D3-BF4B-00C04F79EFBC}") = "VENTAS.PL.ListaPrecio.ValidarCreacion", "VENTAS.PL.ListaPrecio.ValidarCreacion\VENTAS.PL.ListaPrecio.ValidarCreacion.csproj", "{AA955817-13FC-4F34-878F-85A1509004BC}"
EndProject
Project("{FAE04EC0-301F-11D3-BF4B-00C04F79EFBC}") = "VENTAS.PL.Recoleccion.ValidarCreacion", "VENTAS.PL.Recoleccion.ValidarCreacion\VENTAS.PL.Recoleccion.ValidarCreacion.csproj", "{ECC7B30D-BC56-48B0-8DB3-2FE7779E4D36}"
EndProject
Project("{FAE04EC0-301F-11D3-BF4B-00C04F79EFBC}") = "VENTAS.PL.Lead.ValidarCorreoElectronico", "VENTAS.PL.Lead.ValidarCorreoElectronico\VENTAS.PL.Lead.ValidarCorreoElectronico.csproj", "{EBFEB02D-FAB8-463B-96E2-952F96F1A725}"
EndProject
Project("{FAE04EC0-301F-11D3-BF4B-00C04F79EFBC}") = "VENTAS.PL.Cuenta.ValidarCorreoElectronico", "VENTAS.PL.Cuenta.ValidarCorreoElectronico\VENTAS.PL.Cuenta.ValidarCorreoElectronico.csproj", "{746DBCBA-78F2-44F5-A359-DF0C43EF818A}"
EndProject
Project("{FAE04EC0-301F-11D3-BF4B-00C04F79EFBC}") = "VENTAS.PL.LineaDeProducto.ActualizarRegistro", "VENTAS.PL.LineaDeProducto.ActualizarRegistro\VENTAS.PL.LineaDeProducto.ActualizarRegistro.csproj", "{1401F137-D313-419F-990C-57A12AA833CF}"
EndProject
Project("{FAE04EC0-301F-11D3-BF4B-00C04F79EFBC}") = "VENTAS.PL.PVSC.AprobacionSolicitudCredito", "VENTAS.PL.PVSC.AprobacionSolicitudCredito\VENTAS.PL.PVSC.AprobacionSolicitudCredito.csproj", "{79485186-D514-4D33-89F3-A4E50D936D1D}"
EndProject
Project("{FAE04EC0-301F-11D3-BF4B-00C04F79EFBC}") = "VENTAS.PL.Factura.CalculoCalificacionLead", "VENTAS.PL.Factura.CalculoCalificacionLead\VENTAS.PL.Factura.CalculoCalificacionLead.csproj", "{A3AE8534-B292-460F-B148-447F7EABFA4C}"
EndProject
Project("{FAE04EC0-301F-11D3-BF4B-00C04F79EFBC}") = "VENTAS.PL.Lead.CompartirLeadPorRegional", "VENTAS.PL.Lead.CompartirLeadPorRegional\VENTAS.PL.Lead.CompartirLeadPorRegional.csproj", "{9789F542-3F91-49D1-A8E5-454A6D430551}"
EndProject
Project("{FAE04EC0-301F-11D3-BF4B-00C04F79EFBC}") = "VENTAS.PL.DescuentoVolumen.ValidarCreacion", "VENTAS.PL.DescuentoVolumen.ValidarCreacion\VENTAS.PL.DescuentoVolumen.ValidarCreacion.csproj", "{64FD7477-B483-4277-8CE0-694468EEFC91}"
EndProject
Project("{FAE04EC0-301F-11D3-BF4B-00C04F79EFBC}") = "VENTAS.PL.Oportunidad-Oferta.ActivarRegistro", "VENTAS.PL.Oportunidad-Oferta.ActivarRegistro\VENTAS.PL.Oportunidad-Oferta.ActivarRegistro.csproj", "{4A68BD0E-09A4-489E-836B-636765A4E094}"
EndProject
Global
	GlobalSection(SolutionConfigurationPlatforms) = preSolution
		Debug|Any CPU = Debug|Any CPU
		Release|Any CPU = Release|Any CPU
	EndGlobalSection
	GlobalSection(ProjectConfigurationPlatforms) = postSolution
		{AD960265-3DA6-46DF-ADED-99055F77C058}.Debug|Any CPU.ActiveCfg = Debug|Any CPU
		{AD960265-3DA6-46DF-ADED-99055F77C058}.Debug|Any CPU.Build.0 = Debug|Any CPU
		{AD960265-3DA6-46DF-ADED-99055F77C058}.Release|Any CPU.ActiveCfg = Release|Any CPU
		{AD960265-3DA6-46DF-ADED-99055F77C058}.Release|Any CPU.Build.0 = Release|Any CPU
		{A8BCC5E1-0E5E-46F2-BB5B-1EFE3D3DB9A0}.Debug|Any CPU.ActiveCfg = Debug|Any CPU
		{A8BCC5E1-0E5E-46F2-BB5B-1EFE3D3DB9A0}.Debug|Any CPU.Build.0 = Debug|Any CPU
		{A8BCC5E1-0E5E-46F2-BB5B-1EFE3D3DB9A0}.Release|Any CPU.ActiveCfg = Release|Any CPU
		{A8BCC5E1-0E5E-46F2-BB5B-1EFE3D3DB9A0}.Release|Any CPU.Build.0 = Release|Any CPU
		{3FBCC25F-C3A4-4865-8875-F2BEEC823AAB}.Debug|Any CPU.ActiveCfg = Debug|Any CPU
		{3FBCC25F-C3A4-4865-8875-F2BEEC823AAB}.Debug|Any CPU.Build.0 = Debug|Any CPU
		{3FBCC25F-C3A4-4865-8875-F2BEEC823AAB}.Release|Any CPU.ActiveCfg = Release|Any CPU
		{3FBCC25F-C3A4-4865-8875-F2BEEC823AAB}.Release|Any CPU.Build.0 = Release|Any CPU
		{0C6E59D4-37B4-4FD6-8C29-8541F228058D}.Debug|Any CPU.ActiveCfg = Debug|Any CPU
		{0C6E59D4-37B4-4FD6-8C29-8541F228058D}.Debug|Any CPU.Build.0 = Debug|Any CPU
		{0C6E59D4-37B4-4FD6-8C29-8541F228058D}.Release|Any CPU.ActiveCfg = Release|Any CPU
		{0C6E59D4-37B4-4FD6-8C29-8541F228058D}.Release|Any CPU.Build.0 = Release|Any CPU
		{1090C5AB-C6A2-40CD-9BE1-0D574F110BFD}.Debug|Any CPU.ActiveCfg = Debug|Any CPU
		{1090C5AB-C6A2-40CD-9BE1-0D574F110BFD}.Debug|Any CPU.Build.0 = Debug|Any CPU
		{1090C5AB-C6A2-40CD-9BE1-0D574F110BFD}.Release|Any CPU.ActiveCfg = Release|Any CPU
		{1090C5AB-C6A2-40CD-9BE1-0D574F110BFD}.Release|Any CPU.Build.0 = Release|Any CPU
		{1D04F65C-085F-4640-98A9-E59A45FC3FC4}.Debug|Any CPU.ActiveCfg = Debug|Any CPU
		{1D04F65C-085F-4640-98A9-E59A45FC3FC4}.Debug|Any CPU.Build.0 = Debug|Any CPU
		{1D04F65C-085F-4640-98A9-E59A45FC3FC4}.Release|Any CPU.ActiveCfg = Release|Any CPU
		{1D04F65C-085F-4640-98A9-E59A45FC3FC4}.Release|Any CPU.Build.0 = Release|Any CPU
		{F58E8993-E0F9-4D2C-A13D-C7F7043252C9}.Debug|Any CPU.ActiveCfg = Debug|Any CPU
		{F58E8993-E0F9-4D2C-A13D-C7F7043252C9}.Debug|Any CPU.Build.0 = Debug|Any CPU
		{F58E8993-E0F9-4D2C-A13D-C7F7043252C9}.Release|Any CPU.ActiveCfg = Release|Any CPU
		{F58E8993-E0F9-4D2C-A13D-C7F7043252C9}.Release|Any CPU.Build.0 = Release|Any CPU
		{31EE0075-C273-410D-A468-C490AFAF9979}.Debug|Any CPU.ActiveCfg = Debug|Any CPU
		{31EE0075-C273-410D-A468-C490AFAF9979}.Debug|Any CPU.Build.0 = Debug|Any CPU
		{31EE0075-C273-410D-A468-C490AFAF9979}.Release|Any CPU.ActiveCfg = Release|Any CPU
		{31EE0075-C273-410D-A468-C490AFAF9979}.Release|Any CPU.Build.0 = Release|Any CPU
		{30B5CFD9-05A7-4D87-8365-5FA56097F77B}.Debug|Any CPU.ActiveCfg = Debug|Any CPU
		{30B5CFD9-05A7-4D87-8365-5FA56097F77B}.Debug|Any CPU.Build.0 = Debug|Any CPU
		{30B5CFD9-05A7-4D87-8365-5FA56097F77B}.Release|Any CPU.ActiveCfg = Release|Any CPU
		{30B5CFD9-05A7-4D87-8365-5FA56097F77B}.Release|Any CPU.Build.0 = Release|Any CPU
		{95F700F5-ABDB-4E28-A9BB-83433E95A00D}.Debug|Any CPU.ActiveCfg = Debug|Any CPU
		{95F700F5-ABDB-4E28-A9BB-83433E95A00D}.Debug|Any CPU.Build.0 = Debug|Any CPU
		{95F700F5-ABDB-4E28-A9BB-83433E95A00D}.Release|Any CPU.ActiveCfg = Release|Any CPU
		{95F700F5-ABDB-4E28-A9BB-83433E95A00D}.Release|Any CPU.Build.0 = Release|Any CPU
		{809D613B-0A2A-4CC8-B4C0-5A2D531E483C}.Debug|Any CPU.ActiveCfg = Debug|Any CPU
		{809D613B-0A2A-4CC8-B4C0-5A2D531E483C}.Debug|Any CPU.Build.0 = Debug|Any CPU
		{809D613B-0A2A-4CC8-B4C0-5A2D531E483C}.Release|Any CPU.ActiveCfg = Release|Any CPU
		{809D613B-0A2A-4CC8-B4C0-5A2D531E483C}.Release|Any CPU.Build.0 = Release|Any CPU
		{18D221D4-C971-48CF-8777-A1ABFFB1A318}.Debug|Any CPU.ActiveCfg = Debug|Any CPU
		{18D221D4-C971-48CF-8777-A1ABFFB1A318}.Debug|Any CPU.Build.0 = Debug|Any CPU
		{18D221D4-C971-48CF-8777-A1ABFFB1A318}.Release|Any CPU.ActiveCfg = Release|Any CPU
		{18D221D4-C971-48CF-8777-A1ABFFB1A318}.Release|Any CPU.Build.0 = Release|Any CPU
		{378E1CAA-7DC1-4F58-A0EE-1BDB5F3DCC84}.Debug|Any CPU.ActiveCfg = Debug|Any CPU
		{378E1CAA-7DC1-4F58-A0EE-1BDB5F3DCC84}.Debug|Any CPU.Build.0 = Debug|Any CPU
		{378E1CAA-7DC1-4F58-A0EE-1BDB5F3DCC84}.Release|Any CPU.ActiveCfg = Release|Any CPU
		{378E1CAA-7DC1-4F58-A0EE-1BDB5F3DCC84}.Release|Any CPU.Build.0 = Release|Any CPU
		{B27DAA3B-F13A-4542-9C9B-ECCC004A5D40}.Debug|Any CPU.ActiveCfg = Debug|Any CPU
		{B27DAA3B-F13A-4542-9C9B-ECCC004A5D40}.Debug|Any CPU.Build.0 = Debug|Any CPU
		{B27DAA3B-F13A-4542-9C9B-ECCC004A5D40}.Release|Any CPU.ActiveCfg = Release|Any CPU
		{B27DAA3B-F13A-4542-9C9B-ECCC004A5D40}.Release|Any CPU.Build.0 = Release|Any CPU
		{94323A65-23C0-46C6-9A75-3B521335693E}.Debug|Any CPU.ActiveCfg = Debug|Any CPU
		{94323A65-23C0-46C6-9A75-3B521335693E}.Debug|Any CPU.Build.0 = Debug|Any CPU
		{94323A65-23C0-46C6-9A75-3B521335693E}.Release|Any CPU.ActiveCfg = Release|Any CPU
		{94323A65-23C0-46C6-9A75-3B521335693E}.Release|Any CPU.Build.0 = Release|Any CPU
		{3D305B40-41D0-49AA-8741-23AA2E2F2525}.Debug|Any CPU.ActiveCfg = Debug|Any CPU
		{3D305B40-41D0-49AA-8741-23AA2E2F2525}.Debug|Any CPU.Build.0 = Debug|Any CPU
		{3D305B40-41D0-49AA-8741-23AA2E2F2525}.Release|Any CPU.ActiveCfg = Release|Any CPU
		{3D305B40-41D0-49AA-8741-23AA2E2F2525}.Release|Any CPU.Build.0 = Release|Any CPU
		{117D3778-37D2-4119-9163-BDD52DBBD493}.Debug|Any CPU.ActiveCfg = Debug|Any CPU
		{117D3778-37D2-4119-9163-BDD52DBBD493}.Debug|Any CPU.Build.0 = Debug|Any CPU
		{117D3778-37D2-4119-9163-BDD52DBBD493}.Release|Any CPU.ActiveCfg = Release|Any CPU
		{117D3778-37D2-4119-9163-BDD52DBBD493}.Release|Any CPU.Build.0 = Release|Any CPU
		{F0D1285A-121C-472F-8784-CFCE01107DFB}.Debug|Any CPU.ActiveCfg = Debug|Any CPU
		{F0D1285A-121C-472F-8784-CFCE01107DFB}.Debug|Any CPU.Build.0 = Debug|Any CPU
		{F0D1285A-121C-472F-8784-CFCE01107DFB}.Release|Any CPU.ActiveCfg = Release|Any CPU
		{F0D1285A-121C-472F-8784-CFCE01107DFB}.Release|Any CPU.Build.0 = Release|Any CPU
		{04D89AF8-FFE8-4C8A-BB70-E56641497825}.Debug|Any CPU.ActiveCfg = Debug|Any CPU
		{04D89AF8-FFE8-4C8A-BB70-E56641497825}.Debug|Any CPU.Build.0 = Debug|Any CPU
		{04D89AF8-FFE8-4C8A-BB70-E56641497825}.Release|Any CPU.ActiveCfg = Release|Any CPU
		{04D89AF8-FFE8-4C8A-BB70-E56641497825}.Release|Any CPU.Build.0 = Release|Any CPU
		{2E6A28F1-4B7C-40D3-A795-D6665BB3AE7C}.Debug|Any CPU.ActiveCfg = Debug|Any CPU
		{2E6A28F1-4B7C-40D3-A795-D6665BB3AE7C}.Debug|Any CPU.Build.0 = Debug|Any CPU
		{2E6A28F1-4B7C-40D3-A795-D6665BB3AE7C}.Release|Any CPU.ActiveCfg = Release|Any CPU
		{2E6A28F1-4B7C-40D3-A795-D6665BB3AE7C}.Release|Any CPU.Build.0 = Release|Any CPU
		{D85E0279-F442-4699-903F-9C90CF9FC84B}.Debug|Any CPU.ActiveCfg = Debug|Any CPU
		{D85E0279-F442-4699-903F-9C90CF9FC84B}.Debug|Any CPU.Build.0 = Debug|Any CPU
		{D85E0279-F442-4699-903F-9C90CF9FC84B}.Release|Any CPU.ActiveCfg = Release|Any CPU
		{D85E0279-F442-4699-903F-9C90CF9FC84B}.Release|Any CPU.Build.0 = Release|Any CPU
		{7DCAB52C-E7E2-4D8D-88DC-5EF477852B0C}.Debug|Any CPU.ActiveCfg = Debug|Any CPU
		{7DCAB52C-E7E2-4D8D-88DC-5EF477852B0C}.Debug|Any CPU.Build.0 = Debug|Any CPU
		{7DCAB52C-E7E2-4D8D-88DC-5EF477852B0C}.Release|Any CPU.ActiveCfg = Release|Any CPU
		{7DCAB52C-E7E2-4D8D-88DC-5EF477852B0C}.Release|Any CPU.Build.0 = Release|Any CPU
		{9CF38FCA-98CE-4282-9C34-2C3913804909}.Debug|Any CPU.ActiveCfg = Debug|Any CPU
		{9CF38FCA-98CE-4282-9C34-2C3913804909}.Debug|Any CPU.Build.0 = Debug|Any CPU
		{9CF38FCA-98CE-4282-9C34-2C3913804909}.Release|Any CPU.ActiveCfg = Release|Any CPU
		{9CF38FCA-98CE-4282-9C34-2C3913804909}.Release|Any CPU.Build.0 = Release|Any CPU
		{F08BC5BC-DBC7-478D-BFAC-F99013A98855}.Debug|Any CPU.ActiveCfg = Debug|Any CPU
		{F08BC5BC-DBC7-478D-BFAC-F99013A98855}.Debug|Any CPU.Build.0 = Debug|Any CPU
		{F08BC5BC-DBC7-478D-BFAC-F99013A98855}.Release|Any CPU.ActiveCfg = Release|Any CPU
		{F08BC5BC-DBC7-478D-BFAC-F99013A98855}.Release|Any CPU.Build.0 = Release|Any CPU
		{B3CA38F5-3855-457F-A838-31B9EEF54E2E}.Debug|Any CPU.ActiveCfg = Debug|Any CPU
		{B3CA38F5-3855-457F-A838-31B9EEF54E2E}.Debug|Any CPU.Build.0 = Debug|Any CPU
		{B3CA38F5-3855-457F-A838-31B9EEF54E2E}.Release|Any CPU.ActiveCfg = Release|Any CPU
		{B3CA38F5-3855-457F-A838-31B9EEF54E2E}.Release|Any CPU.Build.0 = Release|Any CPU
		{12AA1E29-D6D5-46D1-A9B9-0CFFED31F9A1}.Debug|Any CPU.ActiveCfg = Debug|Any CPU
		{12AA1E29-D6D5-46D1-A9B9-0CFFED31F9A1}.Debug|Any CPU.Build.0 = Debug|Any CPU
		{12AA1E29-D6D5-46D1-A9B9-0CFFED31F9A1}.Release|Any CPU.ActiveCfg = Release|Any CPU
		{12AA1E29-D6D5-46D1-A9B9-0CFFED31F9A1}.Release|Any CPU.Build.0 = Release|Any CPU
		{A6CA329F-D97F-44E8-B4B2-3F8805C2D623}.Debug|Any CPU.ActiveCfg = Debug|Any CPU
		{A6CA329F-D97F-44E8-B4B2-3F8805C2D623}.Debug|Any CPU.Build.0 = Debug|Any CPU
		{A6CA329F-D97F-44E8-B4B2-3F8805C2D623}.Release|Any CPU.ActiveCfg = Release|Any CPU
		{A6CA329F-D97F-44E8-B4B2-3F8805C2D623}.Release|Any CPU.Build.0 = Release|Any CPU
		{B631B762-3DD0-4E68-B11F-EA3D92D31602}.Debug|Any CPU.ActiveCfg = Debug|Any CPU
		{B631B762-3DD0-4E68-B11F-EA3D92D31602}.Debug|Any CPU.Build.0 = Debug|Any CPU
		{B631B762-3DD0-4E68-B11F-EA3D92D31602}.Release|Any CPU.ActiveCfg = Release|Any CPU
		{B631B762-3DD0-4E68-B11F-EA3D92D31602}.Release|Any CPU.Build.0 = Release|Any CPU
		{5860522F-F40D-4EB8-A584-434796324342}.Debug|Any CPU.ActiveCfg = Debug|Any CPU
		{5860522F-F40D-4EB8-A584-434796324342}.Debug|Any CPU.Build.0 = Debug|Any CPU
		{5860522F-F40D-4EB8-A584-434796324342}.Release|Any CPU.ActiveCfg = Release|Any CPU
		{5860522F-F40D-4EB8-A584-434796324342}.Release|Any CPU.Build.0 = Release|Any CPU
		{93587E19-C6D6-45F2-8456-CEA170B34052}.Debug|Any CPU.ActiveCfg = Debug|Any CPU
		{93587E19-C6D6-45F2-8456-CEA170B34052}.Debug|Any CPU.Build.0 = Debug|Any CPU
		{93587E19-C6D6-45F2-8456-CEA170B34052}.Release|Any CPU.ActiveCfg = Release|Any CPU
		{93587E19-C6D6-45F2-8456-CEA170B34052}.Release|Any CPU.Build.0 = Release|Any CPU
		{18F3FB5B-7460-4D94-AB33-DF5AEC853D70}.Debug|Any CPU.ActiveCfg = Debug|Any CPU
		{18F3FB5B-7460-4D94-AB33-DF5AEC853D70}.Debug|Any CPU.Build.0 = Debug|Any CPU
		{18F3FB5B-7460-4D94-AB33-DF5AEC853D70}.Release|Any CPU.ActiveCfg = Release|Any CPU
		{18F3FB5B-7460-4D94-AB33-DF5AEC853D70}.Release|Any CPU.Build.0 = Release|Any CPU
		{B220C9A9-DD62-4167-9C67-BA5DE4A0F64E}.Debug|Any CPU.ActiveCfg = Debug|Any CPU
		{B220C9A9-DD62-4167-9C67-BA5DE4A0F64E}.Debug|Any CPU.Build.0 = Debug|Any CPU
		{B220C9A9-DD62-4167-9C67-BA5DE4A0F64E}.Release|Any CPU.ActiveCfg = Release|Any CPU
		{B220C9A9-DD62-4167-9C67-BA5DE4A0F64E}.Release|Any CPU.Build.0 = Release|Any CPU
		{4CD61D15-2C52-44FE-BB1D-2B623C233E1B}.Debug|Any CPU.ActiveCfg = Debug|Any CPU
		{4CD61D15-2C52-44FE-BB1D-2B623C233E1B}.Debug|Any CPU.Build.0 = Debug|Any CPU
		{4CD61D15-2C52-44FE-BB1D-2B623C233E1B}.Release|Any CPU.ActiveCfg = Release|Any CPU
		{4CD61D15-2C52-44FE-BB1D-2B623C233E1B}.Release|Any CPU.Build.0 = Release|Any CPU
		{3086F662-DC22-48E8-AA39-1BCDD271C782}.Debug|Any CPU.ActiveCfg = Debug|Any CPU
		{3086F662-DC22-48E8-AA39-1BCDD271C782}.Debug|Any CPU.Build.0 = Debug|Any CPU
		{3086F662-DC22-48E8-AA39-1BCDD271C782}.Release|Any CPU.ActiveCfg = Release|Any CPU
		{3086F662-DC22-48E8-AA39-1BCDD271C782}.Release|Any CPU.Build.0 = Release|Any CPU
		{FD59B7F3-C719-44F0-956C-EA218647F51F}.Debug|Any CPU.ActiveCfg = Debug|Any CPU
		{FD59B7F3-C719-44F0-956C-EA218647F51F}.Debug|Any CPU.Build.0 = Debug|Any CPU
		{FD59B7F3-C719-44F0-956C-EA218647F51F}.Release|Any CPU.ActiveCfg = Release|Any CPU
		{FD59B7F3-C719-44F0-956C-EA218647F51F}.Release|Any CPU.Build.0 = Release|Any CPU
		{957BE4F6-CD67-4722-A770-60224C6120DD}.Debug|Any CPU.ActiveCfg = Debug|Any CPU
		{957BE4F6-CD67-4722-A770-60224C6120DD}.Debug|Any CPU.Build.0 = Debug|Any CPU
		{957BE4F6-CD67-4722-A770-60224C6120DD}.Release|Any CPU.ActiveCfg = Release|Any CPU
		{957BE4F6-CD67-4722-A770-60224C6120DD}.Release|Any CPU.Build.0 = Release|Any CPU
		{4FD2CCBE-1FB0-46EA-8490-81E8966221E3}.Debug|Any CPU.ActiveCfg = Debug|Any CPU
		{4FD2CCBE-1FB0-46EA-8490-81E8966221E3}.Debug|Any CPU.Build.0 = Debug|Any CPU
		{4FD2CCBE-1FB0-46EA-8490-81E8966221E3}.Release|Any CPU.ActiveCfg = Release|Any CPU
		{4FD2CCBE-1FB0-46EA-8490-81E8966221E3}.Release|Any CPU.Build.0 = Release|Any CPU
		{35DB5271-34D4-4003-9AAA-79C2CBD9FA09}.Debug|Any CPU.ActiveCfg = Debug|Any CPU
		{35DB5271-34D4-4003-9AAA-79C2CBD9FA09}.Debug|Any CPU.Build.0 = Debug|Any CPU
		{35DB5271-34D4-4003-9AAA-79C2CBD9FA09}.Release|Any CPU.ActiveCfg = Release|Any CPU
		{35DB5271-34D4-4003-9AAA-79C2CBD9FA09}.Release|Any CPU.Build.0 = Release|Any CPU
		{89DFEF99-5CB2-41F7-BC04-E92BCED571E4}.Debug|Any CPU.ActiveCfg = Debug|Any CPU
		{89DFEF99-5CB2-41F7-BC04-E92BCED571E4}.Debug|Any CPU.Build.0 = Debug|Any CPU
		{89DFEF99-5CB2-41F7-BC04-E92BCED571E4}.Release|Any CPU.ActiveCfg = Release|Any CPU
		{89DFEF99-5CB2-41F7-BC04-E92BCED571E4}.Release|Any CPU.Build.0 = Release|Any CPU
		{05951298-74D1-4713-AF03-344507F3934E}.Debug|Any CPU.ActiveCfg = Debug|Any CPU
		{05951298-74D1-4713-AF03-344507F3934E}.Debug|Any CPU.Build.0 = Debug|Any CPU
		{05951298-74D1-4713-AF03-344507F3934E}.Release|Any CPU.ActiveCfg = Release|Any CPU
		{05951298-74D1-4713-AF03-344507F3934E}.Release|Any CPU.Build.0 = Release|Any CPU
		{9E907D97-87A3-49F0-9CBB-4647556665B1}.Debug|Any CPU.ActiveCfg = Debug|Any CPU
		{9E907D97-87A3-49F0-9CBB-4647556665B1}.Debug|Any CPU.Build.0 = Debug|Any CPU
		{9E907D97-87A3-49F0-9CBB-4647556665B1}.Release|Any CPU.ActiveCfg = Release|Any CPU
		{9E907D97-87A3-49F0-9CBB-4647556665B1}.Release|Any CPU.Build.0 = Release|Any CPU
		{8ECF2D7E-1ED6-48F7-84CD-3262575BA669}.Debug|Any CPU.ActiveCfg = Debug|Any CPU
		{8ECF2D7E-1ED6-48F7-84CD-3262575BA669}.Debug|Any CPU.Build.0 = Debug|Any CPU
		{8ECF2D7E-1ED6-48F7-84CD-3262575BA669}.Release|Any CPU.ActiveCfg = Release|Any CPU
		{8ECF2D7E-1ED6-48F7-84CD-3262575BA669}.Release|Any CPU.Build.0 = Release|Any CPU
		{39764F27-A4D8-48D3-A93C-9B92E4207EEB}.Debug|Any CPU.ActiveCfg = Debug|Any CPU
		{39764F27-A4D8-48D3-A93C-9B92E4207EEB}.Debug|Any CPU.Build.0 = Debug|Any CPU
		{39764F27-A4D8-48D3-A93C-9B92E4207EEB}.Release|Any CPU.ActiveCfg = Release|Any CPU
		{39764F27-A4D8-48D3-A93C-9B92E4207EEB}.Release|Any CPU.Build.0 = Release|Any CPU
		{2BD3FCBB-4D75-491D-9836-E9CB49176E1D}.Debug|Any CPU.ActiveCfg = Debug|Any CPU
		{2BD3FCBB-4D75-491D-9836-E9CB49176E1D}.Debug|Any CPU.Build.0 = Debug|Any CPU
		{2BD3FCBB-4D75-491D-9836-E9CB49176E1D}.Release|Any CPU.ActiveCfg = Release|Any CPU
		{2BD3FCBB-4D75-491D-9836-E9CB49176E1D}.Release|Any CPU.Build.0 = Release|Any CPU
		{6AD8F726-F2BF-464C-BDD0-07BBC09AC386}.Debug|Any CPU.ActiveCfg = Debug|Any CPU
		{6AD8F726-F2BF-464C-BDD0-07BBC09AC386}.Debug|Any CPU.Build.0 = Debug|Any CPU
		{6AD8F726-F2BF-464C-BDD0-07BBC09AC386}.Release|Any CPU.ActiveCfg = Release|Any CPU
		{6AD8F726-F2BF-464C-BDD0-07BBC09AC386}.Release|Any CPU.Build.0 = Release|Any CPU
		{2805C0DB-996F-43B0-845C-BB76DAD26D78}.Debug|Any CPU.ActiveCfg = Debug|Any CPU
		{2805C0DB-996F-43B0-845C-BB76DAD26D78}.Debug|Any CPU.Build.0 = Debug|Any CPU
		{2805C0DB-996F-43B0-845C-BB76DAD26D78}.Release|Any CPU.ActiveCfg = Release|Any CPU
		{2805C0DB-996F-43B0-845C-BB76DAD26D78}.Release|Any CPU.Build.0 = Release|Any CPU
		{34EDB6AF-3E05-4681-A50E-1EDEF7A811C2}.Debug|Any CPU.ActiveCfg = Debug|Any CPU
		{34EDB6AF-3E05-4681-A50E-1EDEF7A811C2}.Debug|Any CPU.Build.0 = Debug|Any CPU
		{34EDB6AF-3E05-4681-A50E-1EDEF7A811C2}.Release|Any CPU.ActiveCfg = Release|Any CPU
		{34EDB6AF-3E05-4681-A50E-1EDEF7A811C2}.Release|Any CPU.Build.0 = Release|Any CPU
		{AA955817-13FC-4F34-878F-85A1509004BC}.Debug|Any CPU.ActiveCfg = Debug|Any CPU
		{AA955817-13FC-4F34-878F-85A1509004BC}.Debug|Any CPU.Build.0 = Debug|Any CPU
		{AA955817-13FC-4F34-878F-85A1509004BC}.Release|Any CPU.ActiveCfg = Release|Any CPU
		{AA955817-13FC-4F34-878F-85A1509004BC}.Release|Any CPU.Build.0 = Release|Any CPU
		{ECC7B30D-BC56-48B0-8DB3-2FE7779E4D36}.Debug|Any CPU.ActiveCfg = Debug|Any CPU
		{ECC7B30D-BC56-48B0-8DB3-2FE7779E4D36}.Debug|Any CPU.Build.0 = Debug|Any CPU
		{ECC7B30D-BC56-48B0-8DB3-2FE7779E4D36}.Release|Any CPU.ActiveCfg = Release|Any CPU
		{ECC7B30D-BC56-48B0-8DB3-2FE7779E4D36}.Release|Any CPU.Build.0 = Release|Any CPU
		{EBFEB02D-FAB8-463B-96E2-952F96F1A725}.Debug|Any CPU.ActiveCfg = Debug|Any CPU
		{EBFEB02D-FAB8-463B-96E2-952F96F1A725}.Debug|Any CPU.Build.0 = Debug|Any CPU
		{EBFEB02D-FAB8-463B-96E2-952F96F1A725}.Release|Any CPU.ActiveCfg = Release|Any CPU
		{EBFEB02D-FAB8-463B-96E2-952F96F1A725}.Release|Any CPU.Build.0 = Release|Any CPU
		{746DBCBA-78F2-44F5-A359-DF0C43EF818A}.Debug|Any CPU.ActiveCfg = Debug|Any CPU
		{746DBCBA-78F2-44F5-A359-DF0C43EF818A}.Debug|Any CPU.Build.0 = Debug|Any CPU
		{746DBCBA-78F2-44F5-A359-DF0C43EF818A}.Release|Any CPU.ActiveCfg = Release|Any CPU
		{746DBCBA-78F2-44F5-A359-DF0C43EF818A}.Release|Any CPU.Build.0 = Release|Any CPU
		{1401F137-D313-419F-990C-57A12AA833CF}.Debug|Any CPU.ActiveCfg = Debug|Any CPU
		{1401F137-D313-419F-990C-57A12AA833CF}.Debug|Any CPU.Build.0 = Debug|Any CPU
		{1401F137-D313-419F-990C-57A12AA833CF}.Release|Any CPU.ActiveCfg = Release|Any CPU
		{1401F137-D313-419F-990C-57A12AA833CF}.Release|Any CPU.Build.0 = Release|Any CPU
		{79485186-D514-4D33-89F3-A4E50D936D1D}.Debug|Any CPU.ActiveCfg = Debug|Any CPU
		{79485186-D514-4D33-89F3-A4E50D936D1D}.Debug|Any CPU.Build.0 = Debug|Any CPU
		{79485186-D514-4D33-89F3-A4E50D936D1D}.Release|Any CPU.ActiveCfg = Release|Any CPU
		{79485186-D514-4D33-89F3-A4E50D936D1D}.Release|Any CPU.Build.0 = Release|Any CPU
		{A3AE8534-B292-460F-B148-447F7EABFA4C}.Debug|Any CPU.ActiveCfg = Debug|Any CPU
		{A3AE8534-B292-460F-B148-447F7EABFA4C}.Debug|Any CPU.Build.0 = Debug|Any CPU
		{A3AE8534-B292-460F-B148-447F7EABFA4C}.Release|Any CPU.ActiveCfg = Release|Any CPU
		{A3AE8534-B292-460F-B148-447F7EABFA4C}.Release|Any CPU.Build.0 = Release|Any CPU
		{9789F542-3F91-49D1-A8E5-454A6D430551}.Debug|Any CPU.ActiveCfg = Debug|Any CPU
		{9789F542-3F91-49D1-A8E5-454A6D430551}.Debug|Any CPU.Build.0 = Debug|Any CPU
		{9789F542-3F91-49D1-A8E5-454A6D430551}.Release|Any CPU.ActiveCfg = Release|Any CPU
		{9789F542-3F91-49D1-A8E5-454A6D430551}.Release|Any CPU.Build.0 = Release|Any CPU
		{64FD7477-B483-4277-8CE0-694468EEFC91}.Debug|Any CPU.ActiveCfg = Debug|Any CPU
		{64FD7477-B483-4277-8CE0-694468EEFC91}.Debug|Any CPU.Build.0 = Debug|Any CPU
		{64FD7477-B483-4277-8CE0-694468EEFC91}.Release|Any CPU.ActiveCfg = Release|Any CPU
		{64FD7477-B483-4277-8CE0-694468EEFC91}.Release|Any CPU.Build.0 = Release|Any CPU
		{4A68BD0E-09A4-489E-836B-636765A4E094}.Debug|Any CPU.ActiveCfg = Debug|Any CPU
		{4A68BD0E-09A4-489E-836B-636765A4E094}.Debug|Any CPU.Build.0 = Debug|Any CPU
		{4A68BD0E-09A4-489E-836B-636765A4E094}.Release|Any CPU.ActiveCfg = Release|Any CPU
		{4A68BD0E-09A4-489E-836B-636765A4E094}.Release|Any CPU.Build.0 = Release|Any CPU
	EndGlobalSection
	GlobalSection(SolutionProperties) = preSolution
		HideSolutionNode = FALSE
	EndGlobalSection
	GlobalSection(NestedProjects) = preSolution
		{AD960265-3DA6-46DF-ADED-99055F77C058} = {969A2C32-7EFD-4622-9451-331E183AE1A4}
		{A8BCC5E1-0E5E-46F2-BB5B-1EFE3D3DB9A0} = {174F840B-A258-4BDE-9216-CD312BC8D9B2}
		{3FBCC25F-C3A4-4865-8875-F2BEEC823AAB} = {05B5F16E-A58C-4F68-9883-9425B8AE85C7}
		{0C6E59D4-37B4-4FD6-8C29-8541F228058D} = {05B5F16E-A58C-4F68-9883-9425B8AE85C7}
		{1090C5AB-C6A2-40CD-9BE1-0D574F110BFD} = {05B5F16E-A58C-4F68-9883-9425B8AE85C7}
		{1D04F65C-085F-4640-98A9-E59A45FC3FC4} = {05B5F16E-A58C-4F68-9883-9425B8AE85C7}
		{F58E8993-E0F9-4D2C-A13D-C7F7043252C9} = {05B5F16E-A58C-4F68-9883-9425B8AE85C7}
		{31EE0075-C273-410D-A468-C490AFAF9979} = {05B5F16E-A58C-4F68-9883-9425B8AE85C7}
		{30B5CFD9-05A7-4D87-8365-5FA56097F77B} = {05B5F16E-A58C-4F68-9883-9425B8AE85C7}
		{95F700F5-ABDB-4E28-A9BB-83433E95A00D} = {05B5F16E-A58C-4F68-9883-9425B8AE85C7}
		{809D613B-0A2A-4CC8-B4C0-5A2D531E483C} = {05B5F16E-A58C-4F68-9883-9425B8AE85C7}
		{18D221D4-C971-48CF-8777-A1ABFFB1A318} = {05B5F16E-A58C-4F68-9883-9425B8AE85C7}
		{378E1CAA-7DC1-4F58-A0EE-1BDB5F3DCC84} = {05B5F16E-A58C-4F68-9883-9425B8AE85C7}
		{B27DAA3B-F13A-4542-9C9B-ECCC004A5D40} = {05B5F16E-A58C-4F68-9883-9425B8AE85C7}
		{94323A65-23C0-46C6-9A75-3B521335693E} = {05B5F16E-A58C-4F68-9883-9425B8AE85C7}
		{3D305B40-41D0-49AA-8741-23AA2E2F2525} = {05B5F16E-A58C-4F68-9883-9425B8AE85C7}
		{117D3778-37D2-4119-9163-BDD52DBBD493} = {05B5F16E-A58C-4F68-9883-9425B8AE85C7}
		{F0D1285A-121C-472F-8784-CFCE01107DFB} = {9E7579BD-BDE1-4D8A-8938-263ECD5EAE0F}
		{04D89AF8-FFE8-4C8A-BB70-E56641497825} = {9E7579BD-BDE1-4D8A-8938-263ECD5EAE0F}
		{2E6A28F1-4B7C-40D3-A795-D6665BB3AE7C} = {9E7579BD-BDE1-4D8A-8938-263ECD5EAE0F}
		{D85E0279-F442-4699-903F-9C90CF9FC84B} = {9E7579BD-BDE1-4D8A-8938-263ECD5EAE0F}
		{7DCAB52C-E7E2-4D8D-88DC-5EF477852B0C} = {05B5F16E-A58C-4F68-9883-9425B8AE85C7}
		{9CF38FCA-98CE-4282-9C34-2C3913804909} = {05B5F16E-A58C-4F68-9883-9425B8AE85C7}
		{F08BC5BC-DBC7-478D-BFAC-F99013A98855} = {05B5F16E-A58C-4F68-9883-9425B8AE85C7}
		{B3CA38F5-3855-457F-A838-31B9EEF54E2E} = {05B5F16E-A58C-4F68-9883-9425B8AE85C7}
		{12AA1E29-D6D5-46D1-A9B9-0CFFED31F9A1} = {05B5F16E-A58C-4F68-9883-9425B8AE85C7}
		{A6CA329F-D97F-44E8-B4B2-3F8805C2D623} = {05B5F16E-A58C-4F68-9883-9425B8AE85C7}
		{B631B762-3DD0-4E68-B11F-EA3D92D31602} = {05B5F16E-A58C-4F68-9883-9425B8AE85C7}
		{5860522F-F40D-4EB8-A584-434796324342} = {05B5F16E-A58C-4F68-9883-9425B8AE85C7}
		{93587E19-C6D6-45F2-8456-CEA170B34052} = {05B5F16E-A58C-4F68-9883-9425B8AE85C7}
		{18F3FB5B-7460-4D94-AB33-DF5AEC853D70} = {05B5F16E-A58C-4F68-9883-9425B8AE85C7}
		{B220C9A9-DD62-4167-9C67-BA5DE4A0F64E} = {F52FDB28-4BB0-49B9-A6CD-6F7720631175}
		{4CD61D15-2C52-44FE-BB1D-2B623C233E1B} = {05B5F16E-A58C-4F68-9883-9425B8AE85C7}
		{3086F662-DC22-48E8-AA39-1BCDD271C782} = {05B5F16E-A58C-4F68-9883-9425B8AE85C7}
		{FD59B7F3-C719-44F0-956C-EA218647F51F} = {05B5F16E-A58C-4F68-9883-9425B8AE85C7}
		{957BE4F6-CD67-4722-A770-60224C6120DD} = {05B5F16E-A58C-4F68-9883-9425B8AE85C7}
		{4FD2CCBE-1FB0-46EA-8490-81E8966221E3} = {05B5F16E-A58C-4F68-9883-9425B8AE85C7}
		{35DB5271-34D4-4003-9AAA-79C2CBD9FA09} = {174F840B-A258-4BDE-9216-CD312BC8D9B2}
		{89DFEF99-5CB2-41F7-BC04-E92BCED571E4} = {05B5F16E-A58C-4F68-9883-9425B8AE85C7}
		{05951298-74D1-4713-AF03-344507F3934E} = {05B5F16E-A58C-4F68-9883-9425B8AE85C7}
		{9E907D97-87A3-49F0-9CBB-4647556665B1} = {05B5F16E-A58C-4F68-9883-9425B8AE85C7}
		{8ECF2D7E-1ED6-48F7-84CD-3262575BA669} = {05B5F16E-A58C-4F68-9883-9425B8AE85C7}
		{39764F27-A4D8-48D3-A93C-9B92E4207EEB} = {05B5F16E-A58C-4F68-9883-9425B8AE85C7}
		{2BD3FCBB-4D75-491D-9836-E9CB49176E1D} = {05B5F16E-A58C-4F68-9883-9425B8AE85C7}
		{6AD8F726-F2BF-464C-BDD0-07BBC09AC386} = {05B5F16E-A58C-4F68-9883-9425B8AE85C7}
		{2805C0DB-996F-43B0-845C-BB76DAD26D78} = {05B5F16E-A58C-4F68-9883-9425B8AE85C7}
		{34EDB6AF-3E05-4681-A50E-1EDEF7A811C2} = {05B5F16E-A58C-4F68-9883-9425B8AE85C7}
		{AA955817-13FC-4F34-878F-85A1509004BC} = {05B5F16E-A58C-4F68-9883-9425B8AE85C7}
		{ECC7B30D-BC56-48B0-8DB3-2FE7779E4D36} = {05B5F16E-A58C-4F68-9883-9425B8AE85C7}
		{EBFEB02D-FAB8-463B-96E2-952F96F1A725} = {05B5F16E-A58C-4F68-9883-9425B8AE85C7}
		{746DBCBA-78F2-44F5-A359-DF0C43EF818A} = {05B5F16E-A58C-4F68-9883-9425B8AE85C7}
		{1401F137-D313-419F-990C-57A12AA833CF} = {05B5F16E-A58C-4F68-9883-9425B8AE85C7}
		{79485186-D514-4D33-89F3-A4E50D936D1D} = {05B5F16E-A58C-4F68-9883-9425B8AE85C7}
		{A3AE8534-B292-460F-B148-447F7EABFA4C} = {05B5F16E-A58C-4F68-9883-9425B8AE85C7}
		{9789F542-3F91-49D1-A8E5-454A6D430551} = {05B5F16E-A58C-4F68-9883-9425B8AE85C7}
		{64FD7477-B483-4277-8CE0-694468EEFC91} = {05B5F16E-A58C-4F68-9883-9425B8AE85C7}
		{4A68BD0E-09A4-489E-836B-636765A4E094} = {05B5F16E-A58C-4F68-9883-9425B8AE85C7}
	EndGlobalSection
	GlobalSection(ExtensibilityGlobals) = postSolution
		SolutionGuid = {990F57D9-545C-4C94-8DEC-6E0BEA25CF36}
	EndGlobalSection
EndGlobal
